
Microsoft Visual Studio Solution File, Format Version 12.00
# Visual Studio 2012
Project("{8BC9CEB8-8B4A-11D0-8D11-00A0C91BC942}") = "Robot", "Robot.vcxproj", "{C17F48DC-7FF5-4C70-9C62-5EE4E6152B75}"
EndProject
Global
	GlobalSection(SolutionConfigurationPlatforms) = preSolution
		Debug|Win32 = Debug|Win32
		Release|Win32 = Release|Win32
	EndGlobalSection
	GlobalSection(ProjectConfigurationPlatforms) = postSolution
		{C17F48DC-7FF5-4C70-9C62-5EE4E6152B75}.Debug|Win32.ActiveCfg = Debug|Win32
		{C17F48DC-7FF5-4C70-9C62-5EE4E6152B75}.Debug|Win32.Build.0 = Debug|Win32
		{C17F48DC-7FF5-4C70-9C62-5EE4E6152B75}.Release|Win32.ActiveCfg = Release|Win32
		{C17F48DC-7FF5-4C70-9C62-5EE4E6152B75}.Release|Win32.Build.0 = Release|Win32
	EndGlobalSection
	GlobalSection(SolutionProperties) = preSolution
		HideSolutionNode = FALSE
	EndGlobalSection
EndGlobal
